
Microsoft Visual Studio Solution File, Format Version 12.00
# Visual Studio Version 16
VisualStudioVersion = 16.0.30517.126
MinimumVisualStudioVersion = 10.0.40219.1
Project("{FAE04EC0-301F-11D3-BF4B-00C04F79EFBC}") = "MASCWK", "MASCWK.csproj", "{92E6A54B-47B4-4E4C-842C-0B35DC31A6D5}"
EndProject
Global
	GlobalSection(SolutionConfigurationPlatforms) = preSolution
		Debug|Any CPU = Debug|Any CPU
		Release|Any CPU = Release|Any CPU
	EndGlobalSection
	GlobalSection(ProjectConfigurationPlatforms) = postSolution
		{92E6A54B-47B4-4E4C-842C-0B35DC31A6D5}.Debug|Any CPU.ActiveCfg = Debug|Any CPU
		{92E6A54B-47B4-4E4C-842C-0B35DC31A6D5}.Debug|Any CPU.Build.0 = Debug|Any CPU
		{92E6A54B-47B4-4E4C-842C-0B35DC31A6D5}.Release|Any CPU.ActiveCfg = Release|Any CPU
		{92E6A54B-47B4-4E4C-842C-0B35DC31A6D5}.Release|Any CPU.Build.0 = Release|Any CPU
	EndGlobalSection
	GlobalSection(SolutionProperties) = preSolution
		HideSolutionNode = FALSE
	EndGlobalSection
	GlobalSection(ExtensibilityGlobals) = postSolution
		SolutionGuid = {7C945E6E-A182-4930-A039-3D03B1037B95}
	EndGlobalSection
EndGlobal
